# generated by rye
# use `rye lock` or `rye sync` to update this lockfile
#
# last locked with the following flags:
#   pre: false
#   features: []
#   all-features: false
#   with-sources: false

-e file:.
mypy==1.8.0
mypy-extensions==1.0.0
    # via mypy
ruff==0.3.0
typing-extensions==4.10.0
    # via mypy
